
Microsoft Visual Studio Solution File, Format Version 12.00
# Visual Studio Version 16
VisualStudioVersion = 16.0.30717.126
MinimumVisualStudioVersion = 10.0.40219.1
Project("{FAE04EC0-301F-11D3-BF4B-00C04F79EFBC}") = "OTRetailSystem", "OTRetailSystem\OTRetailSystem.csproj", "{8FB91B5D-1830-404C-AB69-13128918E0F5}"
EndProject
Project("{2150E333-8FDC-42A3-9474-1A3956D46DE8}") = "OTRetailerTest", "OTRetailerTest", "{4371FD33-E0FF-4181-B315-77989395C79F}"
EndProject
Project("{FAE04EC0-301F-11D3-BF4B-00C04F79EFBC}") = "ORTetailers.Tests", "ORTetailers.Tests\ORTetailers.Tests.csproj", "{1B8AA40A-2D75-4AF0-82E3-E20AA4008464}"
EndProject
Project("{2150E333-8FDC-42A3-9474-1A3956D46DE8}") = "OTRetailerApi", "OTRetailerApi", "{BD65AD31-B378-4FB9-9FE2-F536A4258A41}"
EndProject
Project("{FAE04EC0-301F-11D3-BF4B-00C04F79EFBC}") = "OTRetailerWebApi", "OTRetailerWebApi\OTRetailerWebApi.csproj", "{30EEE6D3-D01C-45AF-BC8B-6C151CDA9A7F}"
EndProject
Project("{2150E333-8FDC-42A3-9474-1A3956D46DE8}") = "OTRetailerWebsite", "OTRetailerWebsite", "{4D236E3B-B51D-4F75-9D33-421A7E4C7CF2}"
EndProject
Project("{2150E333-8FDC-42A3-9474-1A3956D46DE8}") = "OTRetailerDB", "OTRetailerDB", "{61CA1FA9-F1F0-439C-8DFF-688535B45862}"
EndProject
Project("{FAE04EC0-301F-11D3-BF4B-00C04F79EFBC}") = "OTRetailer.com", "OTRetailer.com\OTRetailer.com.csproj", "{6CE40F7A-DFD5-4360-B917-44B3F52FE775}"
EndProject
Project("{00D1A9C2-B5F0-4AF3-8072-F6C62B433612}") = "OTRetailerDb", "OTRetailerBD\OTRetailerDb.sqlproj", "{6E87E076-B141-4E32-8BB5-8281B3E9B764}"
EndProject
Global
	GlobalSection(SolutionConfigurationPlatforms) = preSolution
		Debug|Any CPU = Debug|Any CPU
		Release|Any CPU = Release|Any CPU
	EndGlobalSection
	GlobalSection(ProjectConfigurationPlatforms) = postSolution
		{8FB91B5D-1830-404C-AB69-13128918E0F5}.Debug|Any CPU.ActiveCfg = Debug|Any CPU
		{8FB91B5D-1830-404C-AB69-13128918E0F5}.Debug|Any CPU.Build.0 = Debug|Any CPU
		{8FB91B5D-1830-404C-AB69-13128918E0F5}.Release|Any CPU.ActiveCfg = Release|Any CPU
		{8FB91B5D-1830-404C-AB69-13128918E0F5}.Release|Any CPU.Build.0 = Release|Any CPU
		{1B8AA40A-2D75-4AF0-82E3-E20AA4008464}.Debug|Any CPU.ActiveCfg = Debug|Any CPU
		{1B8AA40A-2D75-4AF0-82E3-E20AA4008464}.Debug|Any CPU.Build.0 = Debug|Any CPU
		{1B8AA40A-2D75-4AF0-82E3-E20AA4008464}.Release|Any CPU.ActiveCfg = Release|Any CPU
		{1B8AA40A-2D75-4AF0-82E3-E20AA4008464}.Release|Any CPU.Build.0 = Release|Any CPU
		{30EEE6D3-D01C-45AF-BC8B-6C151CDA9A7F}.Debug|Any CPU.ActiveCfg = Debug|Any CPU
		{30EEE6D3-D01C-45AF-BC8B-6C151CDA9A7F}.Debug|Any CPU.Build.0 = Debug|Any CPU
		{30EEE6D3-D01C-45AF-BC8B-6C151CDA9A7F}.Release|Any CPU.ActiveCfg = Release|Any CPU
		{30EEE6D3-D01C-45AF-BC8B-6C151CDA9A7F}.Release|Any CPU.Build.0 = Release|Any CPU
		{6CE40F7A-DFD5-4360-B917-44B3F52FE775}.Debug|Any CPU.ActiveCfg = Debug|Any CPU
		{6CE40F7A-DFD5-4360-B917-44B3F52FE775}.Debug|Any CPU.Build.0 = Debug|Any CPU
		{6CE40F7A-DFD5-4360-B917-44B3F52FE775}.Release|Any CPU.ActiveCfg = Release|Any CPU
		{6CE40F7A-DFD5-4360-B917-44B3F52FE775}.Release|Any CPU.Build.0 = Release|Any CPU
		{6E87E076-B141-4E32-8BB5-8281B3E9B764}.Debug|Any CPU.ActiveCfg = Debug|Any CPU
		{6E87E076-B141-4E32-8BB5-8281B3E9B764}.Debug|Any CPU.Build.0 = Debug|Any CPU
		{6E87E076-B141-4E32-8BB5-8281B3E9B764}.Debug|Any CPU.Deploy.0 = Debug|Any CPU
		{6E87E076-B141-4E32-8BB5-8281B3E9B764}.Release|Any CPU.ActiveCfg = Release|Any CPU
		{6E87E076-B141-4E32-8BB5-8281B3E9B764}.Release|Any CPU.Build.0 = Release|Any CPU
		{6E87E076-B141-4E32-8BB5-8281B3E9B764}.Release|Any CPU.Deploy.0 = Release|Any CPU
	EndGlobalSection
	GlobalSection(SolutionProperties) = preSolution
		HideSolutionNode = FALSE
	EndGlobalSection
	GlobalSection(NestedProjects) = preSolution
		{1B8AA40A-2D75-4AF0-82E3-E20AA4008464} = {4371FD33-E0FF-4181-B315-77989395C79F}
		{30EEE6D3-D01C-45AF-BC8B-6C151CDA9A7F} = {BD65AD31-B378-4FB9-9FE2-F536A4258A41}
		{6CE40F7A-DFD5-4360-B917-44B3F52FE775} = {4D236E3B-B51D-4F75-9D33-421A7E4C7CF2}
		{6E87E076-B141-4E32-8BB5-8281B3E9B764} = {61CA1FA9-F1F0-439C-8DFF-688535B45862}
	EndGlobalSection
	GlobalSection(ExtensibilityGlobals) = postSolution
		SolutionGuid = {E44994C2-4F7C-4F9A-9590-0DA880025C0B}
	EndGlobalSection
EndGlobal
